github.com/themefisher/airspace-hugo v1.1.0 h1:75uuTpwERfko4ftQBARXAsZUqPG3gFbGN5hP/QtKPo4=
github.com/themefisher/airspace-hugo v1.1.0/go.mod h1:C2qpVeCY3+cUl6RJFFFNDGbNGfQyEanvAy5nvnVnPIE=
github.com/themefisher/airspace-hugo v1.1.1-0.20211107034155-6e4fbb2cd31f h1:8hryyRi6D8vHfCMrYKjC/A9DdC/V3/tyJ9ZHi+7Nif4=
github.com/themefisher/airspace-hugo v1.1.1-0.20211107034155-6e4fbb2cd31f/go.mod h1:C2qpVeCY3+cUl6RJFFFNDGbNGfQyEanvAy5nvnVnPIE=
